
Microsoft Visual Studio Solution File, Format Version 12.00
# Visual Studio Version 16
VisualStudioVersion = 16.0.31624.102
MinimumVisualStudioVersion = 10.0.40219.1
Project("{FAE04EC0-301F-11D3-BF4B-00C04F79EFBC}") = "Substring-with-Concatenation-of-All-Words-LeetCode", "Substring-with-Concatenation-of-All-Words-LeetCode\Substring-with-Concatenation-of-All-Words-LeetCode.csproj", "{D0649B05-F0A5-445F-BF43-3E4B9DC9D6DA}"
EndProject
Global
	GlobalSection(SolutionConfigurationPlatforms) = preSolution
		Debug|Any CPU = Debug|Any CPU
		Release|Any CPU = Release|Any CPU
	EndGlobalSection
	GlobalSection(ProjectConfigurationPlatforms) = postSolution
		{D0649B05-F0A5-445F-BF43-3E4B9DC9D6DA}.Debug|Any CPU.ActiveCfg = Debug|Any CPU
		{D0649B05-F0A5-445F-BF43-3E4B9DC9D6DA}.Debug|Any CPU.Build.0 = Debug|Any CPU
		{D0649B05-F0A5-445F-BF43-3E4B9DC9D6DA}.Release|Any CPU.ActiveCfg = Release|Any CPU
		{D0649B05-F0A5-445F-BF43-3E4B9DC9D6DA}.Release|Any CPU.Build.0 = Release|Any CPU
	EndGlobalSection
	GlobalSection(SolutionProperties) = preSolution
		HideSolutionNode = FALSE
	EndGlobalSection
	GlobalSection(ExtensibilityGlobals) = postSolution
		SolutionGuid = {936202A9-8089-473D-860C-7F760ED2FE5A}
	EndGlobalSection
EndGlobal
